// !$*UTF8*$!
{
	archiveVersion = 1;
	classes = {
	};
	objectVersion = 46;
	objects = {

/* Begin PBXBuildFile section */
		31808A881F4150630092929A /* main.m in Sources */ = {isa = PBXBuildFile; fileRef = 31808A871F4150630092929A /* main.m */; };
		31808A8B1F4150630092929A /* AppDelegate.m in Sources */ = {isa = PBXBuildFile; fileRef = 31808A8A1F4150630092929A /* AppDelegate.m */; };
		31808A8E1F4150630092929A /* ViewController.m in Sources */ = {isa = PBXBuildFile; fileRef = 31808A8D1F4150630092929A /* ViewController.m */; };
		31808A911F4150630092929A /* Main.storyboard in Resources */ = {isa = PBXBuildFile; fileRef = 31808A8F1F4150630092929A /* Main.storyboard */; };
		31808A931F4150630092929A /* Assets.xcassets in Resources */ = {isa = PBXBuildFile; fileRef = 31808A921F4150630092929A /* Assets.xcassets */; };
		31808A961F4150630092929A /* LaunchScreen.storyboard in Resources */ = {isa = PBXBuildFile; fileRef = 31808A941F4150630092929A /* LaunchScreen.storyboard */; };
/* End PBXBuildFile section */

/* Begin PBXFileReference section */
		31808A831F4150630092929A /* 小农人.app */ = {isa = PBXFileReference; explicitFileType = wrapper.application; includeInIndex = 0; path = "小农人.app"; sourceTree = BUILT_PRODUCTS_DIR; };
		31808A871F4150630092929A /* main.m */ = {isa = PBXFileReference; lastKnownFileType = sourcecode.c.objc; path = main.m; sourceTree = "<group>"; };
		31808A891F4150630092929A /* AppDelegate.h */ = {isa = PBXFileReference; lastKnownFileType = sourcecode.c.h; path = AppDelegate.h; sourceTree = "<group>"; };
		31808A8A1F4150630092929A /* AppDelegate.m */ = {isa = PBXFileReference; lastKnownFileType = sourcecode.c.objc; path = AppDelegate.m; sourceTree = "<group>"; };
		31808A8C1F4150630092929A /* ViewController.h */ = {isa = PBXFileReference; lastKnownFileType = sourcecode.c.h; path = ViewController.h; sourceTree = "<group>"; };
		31808A8D1F4150630092929A /* ViewController.m */ = {isa = PBXFileReference; lastKnownFileType = sourcecode.c.objc; path = ViewController.m; sourceTree = "<group>"; };
		31808A901F4150630092929A /* Base */ = {isa = PBXFileReference; lastKnownFileType = file.storyboard; name = Base; path = Base.lproj/Main.storyboard; sourceTree = "<group>"; };
		31808A921F4150630092929A /* Assets.xcassets */ = {isa = PBXFileReference; lastKnownFileType = folder.assetcatalog; path = Assets.xcassets; sourceTree = "<group>"; };
		31808A951F4150630092929A /* Base */ = {isa = PBXFileReference; lastKnownFileType = file.storyboard; name = Base; path = Base.lproj/LaunchScreen.storyboard; sourceTree = "<group>"; };
		31808A971F4150630092929A /* Info.plist */ = {isa = PBXFileReference; lastKnownFileType = text.plist.xml; path = Info.plist; sourceTree = "<group>"; };
/* End PBXFileReference section */

/* Begin PBXFrameworksBuildPhase section */
		31808A801F4150630092929A /* Frameworks */ = {
			isa = PBXFrameworksBuildPhase;
			buildActionMask = 2147483647;
			files = (
			);
			runOnlyForDeploymentPostprocessing = 0;
		};
/* End PBXFrameworksBuildPhase section */

/* Begin PBXGroup section */
		31808A7A1F4150630092929A = {
			isa = PBXGroup;
			children = (
				31808A851F4150630092929A /* 小农人 */,
				31808A841F4150630092929A /* Products */,
			);
			sourceTree = "<group>";
		};
		31808A841F4150630092929A /* Products */ = {
			isa = PBXGroup;
			children = (
				31808A831F4150630092929A /* 小农人.app */,
			);
			name = Products;
			sourceTree = "<group>";
		};
		31808A851F4150630092929A /* 小农人 */ = {
			isa = PBXGroup;
			children = (
				31808A891F4150630092929A /* AppDelegate.h */,
				31808A8A1F4150630092929A /* AppDelegate.m */,
				31808A8C1F4150630092929A /* ViewController.h */,
				31808A8D1F4150630092929A /* ViewController.m */,
				31808A8F1F4150630092929A /* Main.storyboard */,
				31808A921F4150630092929A /* Assets.xcassets */,
				31808A941F4150630092929A /* LaunchScreen.storyboard */,
				31808A971F4150630092929A /* Info.plist */,
				31808A861F4150630092929A /* Supporting Files */,
			);
			path = "小农人";
			sourceTree = "<group>";
		};
		31808A861F4150630092929A /* Supporting Files */ = {
			isa = PBXGroup;
			children = (
				31808A871F4150630092929A /* main.m */,
			);
			name = "Supporting Files";
			sourceTree = "<group>";
		};
/* End PBXGroup section */

/* Begin PBXNativeTarget section */
		31808A821F4150630092929A /* 小农人 */ = {
			isa = PBXNativeTarget;
			buildConfigurationList = 31808A9A1F4150630092929A /* Build configuration list for PBXNativeTarget "小农人" */;
			buildPhases = (
				31808A7F1F4150630092929A /* Sources */,
				31808A801F4150630092929A /* Frameworks */,
				31808A811F4150630092929A /* Resources */,
			);
			buildRules = (
			);
			dependencies = (
			);
			name = "小农人";
			productName = "小农人";
			productReference = 31808A831F4150630092929A /* 小农人.app */;
			productType = "com.apple.product-type.application";
		};
/* End PBXNativeTarget section */

/* Begin PBXProject section */
		31808A7B1F4150630092929A /* Project object */ = {
			isa = PBXProject;
			attributes = {
				LastUpgradeCheck = 0830;
				ORGANIZATIONNAME = Json.tomsung;
				TargetAttributes = {
					31808A821F4150630092929A = {
						CreatedOnToolsVersion = 8.3.3;
						DevelopmentTeam = PQAFLLSMHR;
						ProvisioningStyle = Automatic;
					};
				};
			};
			buildConfigurationList = 31808A7E1F4150630092929A /* Build configuration list for PBXProject "小农人" */;
			compatibilityVersion = "Xcode 3.2";
			developmentRegion = English;
			hasScannedForEncodings = 0;
			knownRegions = (
				en,
				Base,
			);
			mainGroup = 31808A7A1F4150630092929A;
			productRefGroup = 31808A841F4150630092929A /* Products */;
			projectDirPath = "";
			projectRoot = "";
			targets = (
				31808A821F4150630092929A /* 小农人 */,
			);
		};
/* End PBXProject section */

/* Begin PBXResourcesBuildPhase section */
		31808A811F4150630092929A /* Resources */ = {
			isa = PBXResourcesBuildPhase;
			buildActionMask = 2147483647;
			files = (
				31808A961F4150630092929A /* LaunchScreen.storyboard in Resources */,
				31808A931F4150630092929A /* Assets.xcassets in Resources */,
				31808A911F4150630092929A /* Main.storyboard in Resources */,
			);
			runOnlyForDeploymentPostprocessing = 0;
		};
/* End PBXResourcesBuildPhase section */

/* Begin PBXSourcesBuildPhase section */
		31808A7F1F4150630092929A /* Sources */ = {
			isa = PBXSourcesBuildPhase;
			buildActionMask = 2147483647;
			files = (
				31808A8E1F4150630092929A /* ViewController.m in Sources */,
				31808A8B1F4150630092929A /* AppDelegate.m in Sources */,
				31808A881F4150630092929A /* main.m in Sources */,
			);
			runOnlyForDeploymentPostprocessing = 0;
		};
/* End PBXSourcesBuildPhase section */

/* Begin PBXVariantGroup section */
		31808A8F1F4150630092929A /* Main.storyboard */ = {
			isa = PBXVariantGroup;
			children = (
				31808A901F4150630092929A /* Base */,
			);
			name = Main.storyboard;
			sourceTree = "<group>";
		};
		31808A941F4150630092929A /* LaunchScreen.storyboard */ = {
			isa = PBXVariantGroup;
			children = (
				31808A951F4150630092929A /* Base */,
			);
			name = LaunchScreen.storyboard;
			sourceTree = "<group>";
		};
/* End PBXVariantGroup section */

/* Begin XCBuildConfiguration section */
		31808A981F4150630092929A /* Debug */ = {
			isa = XCBuildConfiguration;
			buildSettings = {
				ALWAYS_SEARCH_USER_PATHS = NO;
				CLANG_ANALYZER_NONNULL = YES;
				CLANG_ANALYZER_NUMBER_OBJECT_CONVERSION = YES_AGGRESSIVE;
				CLANG_CXX_LANGUAGE_STANDARD = "gnu++0x";
				CLANG_CXX_LIBRARY = "libc++";
				CLANG_ENABLE_MODULES = YES;
				CLANG_ENABLE_OBJC_ARC = YES;
				CLANG_WARN_BOOL_CONVERSION = YES;
				CLANG_WARN_CONSTANT_CONVERSION = YES;
				CLANG_WARN_DIRECT_OBJC_ISA_USAGE = YES_ERROR;
				CLANG_WARN_DOCUMENTATION_COMMENTS = YES;
				CLANG_WARN_EMPTY_BODY = YES;
				CLANG_WARN_ENUM_CONVERSION = YES;
				CLANG_WARN_INFINITE_RECURSION = YES;
				CLANG_WARN_INT_CONVERSION = YES;
				CLANG_WARN_OBJC_ROOT_CLASS = YES_ERROR;
				CLANG_WARN_SUSPICIOUS_MOVE = YES;
				CLANG_WARN_UNREACHABLE_CODE = YES;
				CLANG_WARN__DUPLICATE_METHOD_MATCH = YES;
				"CODE_SIGN_IDENTITY[sdk=iphoneos*]" = "iPhone Developer";
				COPY_PHASE_STRIP = NO;
				DEBUG_INFORMATION_FORMAT = dwarf;
				ENABLE_STRICT_OBJC_MSGSEND = YES;
				ENABLE_TESTABILITY = YES;
				GCC_C_LANGUAGE_STANDARD = gnu99;
				GCC_DYNAMIC_NO_PIC = NO;
				GCC_NO_COMMON_BLOCKS = YES;
				GCC_OPTIMIZATION_LEVEL = 0;
				GCC_PREPROCESSOR_DEFINITIONS = (
					"DEBUG=1",
					"$(inherited)",
				);
				GCC_WARN_64_TO_32_BIT_CONVERSION = YES;
				GCC_WARN_ABOUT_RETURN_TYPE = YES_ERROR;
				GCC_WARN_UNDECLARED_SELECTOR = YES;
				GCC_WARN_UNINITIALIZED_AUTOS = YES_AGGRESSIVE;
				GCC_WARN_UNUSED_FUNCTION = YES;
				GCC_WARN_UNUSED_VARIABLE = YES;
				IPHONEOS_DEPLOYMENT_TARGET = 10.3;
				MTL_ENABLE_DEBUG_INFO = YES;
				ONLY_ACTIVE_ARCH = YES;
				SDKROOT = iphoneos;
				TARGETED_DEVICE_FAMILY = "1,2";
			};
			name = Debug;
		};
		31808A991F4150630092929A /* Release */ = {
			isa = XCBuildConfiguration;
			buildSettings = {
				ALWAYS_SEARCH_USER_PATHS = NO;
				CLANG_ANALYZER_NONNULL = YES;
				CLANG_ANALYZER_NUMBER_OBJECT_CONVERSION = YES_AGGRESSIVE;
				CLANG_CXX_LANGUAGE_STANDARD = "gnu++0x";
				CLANG_CXX_LIBRARY = "libc++";
				CLANG_ENABLE_MODULES = YES;
				CLANG_ENABLE_OBJC_ARC = YES;
				CLANG_WARN_BOOL_CONVERSION = YES;
				CLANG_WARN_CONSTANT_CONVERSION = YES;
				CLANG_WARN_DIRECT_OBJC_ISA_USAGE = YES_ERROR;
				CLANG_WARN_DOCUMENTATION_COMMENTS = YES;
				CLANG_WARN_EMPTY_BODY = YES;
				CLANG_WARN_ENUM_CONVERSION = YES;
				CLANG_WARN_INFINITE_RECURSION = YES;
				CLANG_WARN_INT_CONVERSION = YES;
				CLANG_WARN_OBJC_ROOT_CLASS = YES_ERROR;
				CLANG_WARN_SUSPICIOUS_MOVE = YES;
				CLANG_WARN_UNREACHABLE_CODE = YES;
				CLANG_WARN__DUPLICATE_METHOD_MATCH = YES;
				"CODE_SIGN_IDENTITY[sdk=iphoneos*]" = "iPhone Developer";
				COPY_PHASE_STRIP = NO;
				DEBUG_INFORMATION_FORMAT = "dwarf-with-dsym";
				ENABLE_NS_ASSERTIONS = NO;
				ENABLE_STRICT_OBJC_MSGSEND = YES;
				GCC_C_LANGUAGE_STANDARD = gnu99;
				GCC_NO_COMMON_BLOCKS = YES;
				GCC_WARN_64_TO_32_BIT_CONVERSION = YES;
				GCC_WARN_ABOUT_RETURN_TYPE = YES_ERROR;
				GCC_WARN_UNDECLARED_SELECTOR = YES;
				GCC_WARN_UNINITIALIZED_AUTOS = YES_AGGRESSIVE;
				GCC_WARN_UNUSED_FUNCTION = YES;
				GCC_WARN_UNUSED_VARIABLE = YES;
				IPHONEOS_DEPLOYMENT_TARGET = 10.3;
				MTL_ENABLE_DEBUG_INFO = NO;
				SDKROOT = iphoneos;
				TARGETED_DEVICE_FAMILY = "1,2";
				VALIDATE_PRODUCT = YES;
			};
			name = Release;
		};
		31808A9B1F4150630092929A /* Debug */ = {
			isa = XCBuildConfiguration;
			buildSettings = {
				ASSETCATALOG_COMPILER_APPICON_NAME = AppIcon;
				DEVELOPMENT_TEAM = PQAFLLSMHR;
				INFOPLIST_FILE = "小农人/Info.plist";
				LD_RUNPATH_SEARCH_PATHS = "$(inherited) @executable_path/Frameworks";
				PRODUCT_BUNDLE_IDENTIFIER = "json.---";
				PRODUCT_NAME = "$(TARGET_NAME)";
			};
			name = Debug;
		};
		31808A9C1F4150630092929A /* Release */ = {
			isa = XCBuildConfiguration;
			buildSettings = {
				ASSETCATALOG_COMPILER_APPICON_NAME = AppIcon;
				DEVELOPMENT_TEAM = PQAFLLSMHR;
				INFOPLIST_FILE = "小农人/Info.plist";
				LD_RUNPATH_SEARCH_PATHS = "$(inherited) @executable_path/Frameworks";
				PRODUCT_BUNDLE_IDENTIFIER = "json.---";
				PRODUCT_NAME = "$(TARGET_NAME)";
			};
			name = Release;
		};
/* End XCBuildConfiguration section */

/* Begin XCConfigurationList section */
		31808A7E1F4150630092929A /* Build configuration list for PBXProject "小农人" */ = {
			isa = XCConfigurationList;
			buildConfigurations = (
				31808A981F4150630092929A /* Debug */,
				31808A991F4150630092929A /* Release */,
			);
			defaultConfigurationIsVisible = 0;
			defaultConfigurationName = Release;
		};
		31808A9A1F4150630092929A /* Build configuration list for PBXNativeTarget "小农人" */ = {
			isa = XCConfigurationList;
			buildConfigurations = (
				31808A9B1F4150630092929A /* Debug */,
				31808A9C1F4150630092929A /* Release */,
			);
			defaultConfigurationIsVisible = 0;
		};
/* End XCConfigurationList section */
	};
	rootObject = 31808A7B1F4150630092929A /* Project object */;
}
